
Microsoft Visual Studio Solution File, Format Version 12.00
# Visual Studio Version 16
VisualStudioVersion = 16.0.29709.97
MinimumVisualStudioVersion = 10.0.40219.1
Project("{FAE04EC0-301F-11D3-BF4B-00C04F79EFBC}") = "Card-Game.ASP", "Card-Game.ASP\Card-Game.ASP.csproj", "{1D572933-FE35-42A2-90D1-C7F8572995B8}"
EndProject
Project("{FAE04EC0-301F-11D3-BF4B-00C04F79EFBC}") = "Card-Game.BLL", "Card-Game.BLL\Card-Game.BLL.csproj", "{015702A8-2B8B-442A-BB52-E89F205FD619}"
EndProject
Project("{FAE04EC0-301F-11D3-BF4B-00C04F79EFBC}") = "Card-Game.DAL", "Card-Game.DAL\Card-Game.DAL.csproj", "{B082B49A-DA10-47A1-86F0-D78B48234242}"
EndProject
Global
	GlobalSection(SolutionConfigurationPlatforms) = preSolution
		Debug|Any CPU = Debug|Any CPU
		Release|Any CPU = Release|Any CPU
	EndGlobalSection
	GlobalSection(ProjectConfigurationPlatforms) = postSolution
		{1D572933-FE35-42A2-90D1-C7F8572995B8}.Debug|Any CPU.ActiveCfg = Debug|Any CPU
		{1D572933-FE35-42A2-90D1-C7F8572995B8}.Debug|Any CPU.Build.0 = Debug|Any CPU
		{1D572933-FE35-42A2-90D1-C7F8572995B8}.Release|Any CPU.ActiveCfg = Release|Any CPU
		{1D572933-FE35-42A2-90D1-C7F8572995B8}.Release|Any CPU.Build.0 = Release|Any CPU
		{015702A8-2B8B-442A-BB52-E89F205FD619}.Debug|Any CPU.ActiveCfg = Debug|Any CPU
		{015702A8-2B8B-442A-BB52-E89F205FD619}.Debug|Any CPU.Build.0 = Debug|Any CPU
		{015702A8-2B8B-442A-BB52-E89F205FD619}.Release|Any CPU.ActiveCfg = Release|Any CPU
		{015702A8-2B8B-442A-BB52-E89F205FD619}.Release|Any CPU.Build.0 = Release|Any CPU
		{B082B49A-DA10-47A1-86F0-D78B48234242}.Debug|Any CPU.ActiveCfg = Debug|Any CPU
		{B082B49A-DA10-47A1-86F0-D78B48234242}.Debug|Any CPU.Build.0 = Debug|Any CPU
		{B082B49A-DA10-47A1-86F0-D78B48234242}.Release|Any CPU.ActiveCfg = Release|Any CPU
		{B082B49A-DA10-47A1-86F0-D78B48234242}.Release|Any CPU.Build.0 = Release|Any CPU
	EndGlobalSection
	GlobalSection(SolutionProperties) = preSolution
		HideSolutionNode = FALSE
	EndGlobalSection
	GlobalSection(ExtensibilityGlobals) = postSolution
		SolutionGuid = {7A1B506C-406B-45B2-AAB0-A8B8FC9E2CC9}
	EndGlobalSection
EndGlobal
